// !$*UTF8*$!
{
	archiveVersion = 1;
	classes = {
	};
	objectVersion = 50;
	objects = {

/* Begin PBXBuildFile section */
		3ECC78352378CDFC007F1153 /* AppDelegate.swift in Sources */ = {isa = PBXBuildFile; fileRef = 3ECC78342378CDFC007F1153 /* AppDelegate.swift */; };
		3ECC78372378CDFC007F1153 /* SceneDelegate.swift in Sources */ = {isa = PBXBuildFile; fileRef = 3ECC78362378CDFC007F1153 /* SceneDelegate.swift */; };
		3ECC783A2378CDFC007F1153 /* LearnButtons.xcdatamodeld in Sources */ = {isa = PBXBuildFile; fileRef = 3ECC78382378CDFC007F1153 /* LearnButtons.xcdatamodeld */; };
		3ECC783C2378CDFC007F1153 /* ContentView.swift in Sources */ = {isa = PBXBuildFile; fileRef = 3ECC783B2378CDFC007F1153 /* ContentView.swift */; };
		3ECC783E2378CDFF007F1153 /* Assets.xcassets in Resources */ = {isa = PBXBuildFile; fileRef = 3ECC783D2378CDFF007F1153 /* Assets.xcassets */; };
		3ECC78412378CDFF007F1153 /* Preview Assets.xcassets in Resources */ = {isa = PBXBuildFile; fileRef = 3ECC78402378CDFF007F1153 /* Preview Assets.xcassets */; };
		3ECC78442378CDFF007F1153 /* LaunchScreen.storyboard in Resources */ = {isa = PBXBuildFile; fileRef = 3ECC78422378CDFF007F1153 /* LaunchScreen.storyboard */; };
/* End PBXBuildFile section */

/* Begin PBXFileReference section */
		3ECC78312378CDFC007F1153 /* LearnButtons.app */ = {isa = PBXFileReference; explicitFileType = wrapper.application; includeInIndex = 0; path = LearnButtons.app; sourceTree = BUILT_PRODUCTS_DIR; };
		3ECC78342378CDFC007F1153 /* AppDelegate.swift */ = {isa = PBXFileReference; lastKnownFileType = sourcecode.swift; path = AppDelegate.swift; sourceTree = "<group>"; };
		3ECC78362378CDFC007F1153 /* SceneDelegate.swift */ = {isa = PBXFileReference; lastKnownFileType = sourcecode.swift; path = SceneDelegate.swift; sourceTree = "<group>"; };
		3ECC78392378CDFC007F1153 /* LearnButtons.xcdatamodel */ = {isa = PBXFileReference; lastKnownFileType = wrapper.xcdatamodel; path = LearnButtons.xcdatamodel; sourceTree = "<group>"; };
		3ECC783B2378CDFC007F1153 /* ContentView.swift */ = {isa = PBXFileReference; lastKnownFileType = sourcecode.swift; path = ContentView.swift; sourceTree = "<group>"; };
		3ECC783D2378CDFF007F1153 /* Assets.xcassets */ = {isa = PBXFileReference; lastKnownFileType = folder.assetcatalog; path = Assets.xcassets; sourceTree = "<group>"; };
		3ECC78402378CDFF007F1153 /* Preview Assets.xcassets */ = {isa = PBXFileReference; lastKnownFileType = folder.assetcatalog; path = "Preview Assets.xcassets"; sourceTree = "<group>"; };
		3ECC78432378CDFF007F1153 /* Base */ = {isa = PBXFileReference; lastKnownFileType = file.storyboard; name = Base; path = Base.lproj/LaunchScreen.storyboard; sourceTree = "<group>"; };
		3ECC78452378CDFF007F1153 /* Info.plist */ = {isa = PBXFileReference; lastKnownFileType = text.plist.xml; path = Info.plist; sourceTree = "<group>"; };
/* End PBXFileReference section */

/* Begin PBXFrameworksBuildPhase section */
		3ECC782E2378CDFC007F1153 /* Frameworks */ = {
			isa = PBXFrameworksBuildPhase;
			buildActionMask = 2147483647;
			files = (
			);
			runOnlyForDeploymentPostprocessing = 0;
		};
/* End PBXFrameworksBuildPhase section */

/* Begin PBXGroup section */
		3ECC78282378CDFC007F1153 = {
			isa = PBXGroup;
			children = (
				3ECC78332378CDFC007F1153 /* LearnButtons */,
				3ECC78322378CDFC007F1153 /* Products */,
			);
			sourceTree = "<group>";
		};
		3ECC78322378CDFC007F1153 /* Products */ = {
			isa = PBXGroup;
			children = (
				3ECC78312378CDFC007F1153 /* LearnButtons.app */,
			);
			name = Products;
			sourceTree = "<group>";
		};
		3ECC78332378CDFC007F1153 /* LearnButtons */ = {
			isa = PBXGroup;
			children = (
				3ECC78342378CDFC007F1153 /* AppDelegate.swift */,
				3ECC78362378CDFC007F1153 /* SceneDelegate.swift */,
				3ECC783B2378CDFC007F1153 /* ContentView.swift */,
				3ECC783D2378CDFF007F1153 /* Assets.xcassets */,
				3ECC78422378CDFF007F1153 /* LaunchScreen.storyboard */,
				3ECC78452378CDFF007F1153 /* Info.plist */,
				3ECC78382378CDFC007F1153 /* LearnButtons.xcdatamodeld */,
				3ECC783F2378CDFF007F1153 /* Preview Content */,
			);
			path = LearnButtons;
			sourceTree = "<group>";
		};
		3ECC783F2378CDFF007F1153 /* Preview Content */ = {
			isa = PBXGroup;
			children = (
				3ECC78402378CDFF007F1153 /* Preview Assets.xcassets */,
			);
			path = "Preview Content";
			sourceTree = "<group>";
		};
/* End PBXGroup section */

/* Begin PBXNativeTarget section */
		3ECC78302378CDFC007F1153 /* LearnButtons */ = {
			isa = PBXNativeTarget;
			buildConfigurationList = 3ECC78482378CDFF007F1153 /* Build configuration list for PBXNativeTarget "LearnButtons" */;
			buildPhases = (
				3ECC782D2378CDFC007F1153 /* Sources */,
				3ECC782E2378CDFC007F1153 /* Frameworks */,
				3ECC782F2378CDFC007F1153 /* Resources */,
			);
			buildRules = (
			);
			dependencies = (
			);
			name = LearnButtons;
			productName = LearnButtons;
			productReference = 3ECC78312378CDFC007F1153 /* LearnButtons.app */;
			productType = "com.apple.product-type.application";
		};
/* End PBXNativeTarget section */

/* Begin PBXProject section */
		3ECC78292378CDFC007F1153 /* Project object */ = {
			isa = PBXProject;
			attributes = {
				LastSwiftUpdateCheck = 1110;
				LastUpgradeCheck = 1110;
				ORGANIZATIONNAME = "Adam Hu";
				TargetAttributes = {
					3ECC78302378CDFC007F1153 = {
						CreatedOnToolsVersion = 11.1;
					};
				};
			};
			buildConfigurationList = 3ECC782C2378CDFC007F1153 /* Build configuration list for PBXProject "LearnButtons" */;
			compatibilityVersion = "Xcode 9.3";
			developmentRegion = en;
			hasScannedForEncodings = 0;
			knownRegions = (
				en,
				Base,
			);
			mainGroup = 3ECC78282378CDFC007F1153;
			productRefGroup = 3ECC78322378CDFC007F1153 /* Products */;
			projectDirPath = "";
			projectRoot = "";
			targets = (
				3ECC78302378CDFC007F1153 /* LearnButtons */,
			);
		};
/* End PBXProject section */

/* Begin PBXResourcesBuildPhase section */
		3ECC782F2378CDFC007F1153 /* Resources */ = {
			isa = PBXResourcesBuildPhase;
			buildActionMask = 2147483647;
			files = (
				3ECC78442378CDFF007F1153 /* LaunchScreen.storyboard in Resources */,
				3ECC78412378CDFF007F1153 /* Preview Assets.xcassets in Resources */,
				3ECC783E2378CDFF007F1153 /* Assets.xcassets in Resources */,
			);
			runOnlyForDeploymentPostprocessing = 0;
		};
/* End PBXResourcesBuildPhase section */

/* Begin PBXSourcesBuildPhase section */
		3ECC782D2378CDFC007F1153 /* Sources */ = {
			isa = PBXSourcesBuildPhase;
			buildActionMask = 2147483647;
			files = (
				3ECC78352378CDFC007F1153 /* AppDelegate.swift in Sources */,
				3ECC783A2378CDFC007F1153 /* LearnButtons.xcdatamodeld in Sources */,
				3ECC783C2378CDFC007F1153 /* ContentView.swift in Sources */,
				3ECC78372378CDFC007F1153 /* SceneDelegate.swift in Sources */,
			);
			runOnlyForDeploymentPostprocessing = 0;
		};
/* End PBXSourcesBuildPhase section */

/* Begin PBXVariantGroup section */
		3ECC78422378CDFF007F1153 /* LaunchScreen.storyboard */ = {
			isa = PBXVariantGroup;
			children = (
				3ECC78432378CDFF007F1153 /* Base */,
			);
			name = LaunchScreen.storyboard;
			sourceTree = "<group>";
		};
/* End PBXVariantGroup section */

/* Begin XCBuildConfiguration section */
		3ECC78462378CDFF007F1153 /* Debug */ = {
			isa = XCBuildConfiguration;
			buildSettings = {
				ALWAYS_SEARCH_USER_PATHS = NO;
				CLANG_ANALYZER_NONNULL = YES;
				CLANG_ANALYZER_NUMBER_OBJECT_CONVERSION = YES_AGGRESSIVE;
				CLANG_CXX_LANGUAGE_STANDARD = "gnu++14";
				CLANG_CXX_LIBRARY = "libc++";
				CLANG_ENABLE_MODULES = YES;
				CLANG_ENABLE_OBJC_ARC = YES;
				CLANG_ENABLE_OBJC_WEAK = YES;
				CLANG_WARN_BLOCK_CAPTURE_AUTORELEASING = YES;
				CLANG_WARN_BOOL_CONVERSION = YES;
				CLANG_WARN_COMMA = YES;
				CLANG_WARN_CONSTANT_CONVERSION = YES;
				CLANG_WARN_DEPRECATED_OBJC_IMPLEMENTATIONS = YES;
				CLANG_WARN_DIRECT_OBJC_ISA_USAGE = YES_ERROR;
				CLANG_WARN_DOCUMENTATION_COMMENTS = YES;
				CLANG_WARN_EMPTY_BODY = YES;
				CLANG_WARN_ENUM_CONVERSION = YES;
				CLANG_WARN_INFINITE_RECURSION = YES;
				CLANG_WARN_INT_CONVERSION = YES;
				CLANG_WARN_NON_LITERAL_NULL_CONVERSION = YES;
				CLANG_WARN_OBJC_IMPLICIT_RETAIN_SELF = YES;
				CLANG_WARN_OBJC_LITERAL_CONVERSION = YES;
				CLANG_WARN_OBJC_ROOT_CLASS = YES_ERROR;
				CLANG_WARN_RANGE_LOOP_ANALYSIS = YES;
				CLANG_WARN_STRICT_PROTOTYPES = YES;
				CLANG_WARN_SUSPICIOUS_MOVE = YES;
				CLANG_WARN_UNGUARDED_AVAILABILITY = YES_AGGRESSIVE;
				CLANG_WARN_UNREACHABLE_CODE = YES;
				CLANG_WARN__DUPLICATE_METHOD_MATCH = YES;
				COPY_PHASE_STRIP = NO;
				DEBUG_INFORMATION_FORMAT = dwarf;
				ENABLE_STRICT_OBJC_MSGSEND = YES;
				ENABLE_TESTABILITY = YES;
				GCC_C_LANGUAGE_STANDARD = gnu11;
				GCC_DYNAMIC_NO_PIC = NO;
				GCC_NO_COMMON_BLOCKS = YES;
				GCC_OPTIMIZATION_LEVEL = 0;
				GCC_PREPROCESSOR_DEFINITIONS = (
					"DEBUG=1",
					"$(inherited)",
				);
				GCC_WARN_64_TO_32_BIT_CONVERSION = YES;
				GCC_WARN_ABOUT_RETURN_TYPE = YES_ERROR;
				GCC_WARN_UNDECLARED_SELECTOR = YES;
				GCC_WARN_UNINITIALIZED_AUTOS = YES_AGGRESSIVE;
				GCC_WARN_UNUSED_FUNCTION = YES;
				GCC_WARN_UNUSED_VARIABLE = YES;
				IPHONEOS_DEPLOYMENT_TARGET = 13.1;
				MTL_ENABLE_DEBUG_INFO = INCLUDE_SOURCE;
				MTL_FAST_MATH = YES;
				ONLY_ACTIVE_ARCH = YES;
				SDKROOT = iphoneos;
				SWIFT_ACTIVE_COMPILATION_CONDITIONS = DEBUG;
				SWIFT_OPTIMIZATION_LEVEL = "-Onone";
			};
			name = Debug;
		};
		3ECC78472378CDFF007F1153 /* Release */ = {
			isa = XCBuildConfiguration;
			buildSettings = {
				ALWAYS_SEARCH_USER_PATHS = NO;
				CLANG_ANALYZER_NONNULL = YES;
				CLANG_ANALYZER_NUMBER_OBJECT_CONVERSION = YES_AGGRESSIVE;
				CLANG_CXX_LANGUAGE_STANDARD = "gnu++14";
				CLANG_CXX_LIBRARY = "libc++";
				CLANG_ENABLE_MODULES = YES;
				CLANG_ENABLE_OBJC_ARC = YES;
				CLANG_ENABLE_OBJC_WEAK = YES;
				CLANG_WARN_BLOCK_CAPTURE_AUTORELEASING = YES;
				CLANG_WARN_BOOL_CONVERSION = YES;
				CLANG_WARN_COMMA = YES;
				CLANG_WARN_CONSTANT_CONVERSION = YES;
				CLANG_WARN_DEPRECATED_OBJC_IMPLEMENTATIONS = YES;
				CLANG_WARN_DIRECT_OBJC_ISA_USAGE = YES_ERROR;
				CLANG_WARN_DOCUMENTATION_COMMENTS = YES;
				CLANG_WARN_EMPTY_BODY = YES;
				CLANG_WARN_ENUM_CONVERSION = YES;
				CLANG_WARN_INFINITE_RECURSION = YES;
				CLANG_WARN_INT_CONVERSION = YES;
				CLANG_WARN_NON_LITERAL_NULL_CONVERSION = YES;
				CLANG_WARN_OBJC_IMPLICIT_RETAIN_SELF = YES;
				CLANG_WARN_OBJC_LITERAL_CONVERSION = YES;
				CLANG_WARN_OBJC_ROOT_CLASS = YES_ERROR;
				CLANG_WARN_RANGE_LOOP_ANALYSIS = YES;
				CLANG_WARN_STRICT_PROTOTYPES = YES;
				CLANG_WARN_SUSPICIOUS_MOVE = YES;
				CLANG_WARN_UNGUARDED_AVAILABILITY = YES_AGGRESSIVE;
				CLANG_WARN_UNREACHABLE_CODE = YES;
				CLANG_WARN__DUPLICATE_METHOD_MATCH = YES;
				COPY_PHASE_STRIP = NO;
				DEBUG_INFORMATION_FORMAT = "dwarf-with-dsym";
				ENABLE_NS_ASSERTIONS = NO;
				ENABLE_STRICT_OBJC_MSGSEND = YES;
				GCC_C_LANGUAGE_STANDARD = gnu11;
				GCC_NO_COMMON_BLOCKS = YES;
				GCC_WARN_64_TO_32_BIT_CONVERSION = YES;
				GCC_WARN_ABOUT_RETURN_TYPE = YES_ERROR;
				GCC_WARN_UNDECLARED_SELECTOR = YES;
				GCC_WARN_UNINITIALIZED_AUTOS = YES_AGGRESSIVE;
				GCC_WARN_UNUSED_FUNCTION = YES;
				GCC_WARN_UNUSED_VARIABLE = YES;
				IPHONEOS_DEPLOYMENT_TARGET = 13.1;
				MTL_ENABLE_DEBUG_INFO = NO;
				MTL_FAST_MATH = YES;
				SDKROOT = iphoneos;
				SWIFT_COMPILATION_MODE = wholemodule;
				SWIFT_OPTIMIZATION_LEVEL = "-O";
				VALIDATE_PRODUCT = YES;
			};
			name = Release;
		};
		3ECC78492378CDFF007F1153 /* Debug */ = {
			isa = XCBuildConfiguration;
			buildSettings = {
				ASSETCATALOG_COMPILER_APPICON_NAME = AppIcon;
				CODE_SIGN_STYLE = Automatic;
				DEVELOPMENT_ASSET_PATHS = "\"LearnButtons/Preview Content\"";
				ENABLE_PREVIEWS = YES;
				INFOPLIST_FILE = LearnButtons/Info.plist;
				LD_RUNPATH_SEARCH_PATHS = (
					"$(inherited)",
					"@executable_path/Frameworks",
				);
				PRODUCT_BUNDLE_IDENTIFIER = "Adam-Hu.LearnButtons";
				PRODUCT_NAME = "$(TARGET_NAME)";
				SWIFT_VERSION = 5.0;
				TARGETED_DEVICE_FAMILY = "1,2";
			};
			name = Debug;
		};
		3ECC784A2378CDFF007F1153 /* Release */ = {
			isa = XCBuildConfiguration;
			buildSettings = {
				ASSETCATALOG_COMPILER_APPICON_NAME = AppIcon;
				CODE_SIGN_STYLE = Automatic;
				DEVELOPMENT_ASSET_PATHS = "\"LearnButtons/Preview Content\"";
				ENABLE_PREVIEWS = YES;
				INFOPLIST_FILE = LearnButtons/Info.plist;
				LD_RUNPATH_SEARCH_PATHS = (
					"$(inherited)",
					"@executable_path/Frameworks",
				);
				PRODUCT_BUNDLE_IDENTIFIER = "Adam-Hu.LearnButtons";
				PRODUCT_NAME = "$(TARGET_NAME)";
				SWIFT_VERSION = 5.0;
				TARGETED_DEVICE_FAMILY = "1,2";
			};
			name = Release;
		};
/* End XCBuildConfiguration section */

/* Begin XCConfigurationList section */
		3ECC782C2378CDFC007F1153 /* Build configuration list for PBXProject "LearnButtons" */ = {
			isa = XCConfigurationList;
			buildConfigurations = (
				3ECC78462378CDFF007F1153 /* Debug */,
				3ECC78472378CDFF007F1153 /* Release */,
			);
			defaultConfigurationIsVisible = 0;
			defaultConfigurationName = Release;
		};
		3ECC78482378CDFF007F1153 /* Build configuration list for PBXNativeTarget "LearnButtons" */ = {
			isa = XCConfigurationList;
			buildConfigurations = (
				3ECC78492378CDFF007F1153 /* Debug */,
				3ECC784A2378CDFF007F1153 /* Release */,
			);
			defaultConfigurationIsVisible = 0;
			defaultConfigurationName = Release;
		};
/* End XCConfigurationList section */

/* Begin XCVersionGroup section */
		3ECC78382378CDFC007F1153 /* LearnButtons.xcdatamodeld */ = {
			isa = XCVersionGroup;
			children = (
				3ECC78392378CDFC007F1153 /* LearnButtons.xcdatamodel */,
			);
			currentVersion = 3ECC78392378CDFC007F1153 /* LearnButtons.xcdatamodel */;
			path = LearnButtons.xcdatamodeld;
			sourceTree = "<group>";
			versionGroupType = wrapper.xcdatamodel;
		};
/* End XCVersionGroup section */
	};
	rootObject = 3ECC78292378CDFC007F1153 /* Project object */;
}
